{
  "name": "jogo-parapente",
  "version": "0.1.0",
  "lockfileVersion": 3,
  "requires": true,
  "packages": {
    "": {
      "name": "jogo-parapente",
      "version": "0.1.0",
      "dependencies": {
        "fflate": "^0.8.3",
        "three": "^0.179.1"
      }
    },
    "node_modules/fflate": {
      "version": "0.8.3",
      "resolved": "https://registry.npmjs.org/fflate/-/fflate-0.8.3.tgz",
      "integrity": "sha512-tbZNuJrLwGUp3zshBtdy4W+ORxZuIh8a5ilyIEQDC5rY1f3U20JMry0Ll3WBzU58EZKsEuJFXhb5gwv8CsPvgA==",
      "license": "MIT"
    },
    "node_modules/three": {
      "version": "0.179.1",
      "resolved": "https://registry.npmjs.org/three/-/three-0.179.1.tgz",
      "integrity": "sha512-5y/elSIQbrvKOISxpwXCR4sQqHtGiOI+MKLc3SsBdDXA2hz3Mdp3X59aUp8DyybMa34aeBwbFTpdoLJaUDEWSw==",
      "license": "MIT"
    }
  }
}
